{
  "name": "opencc-wasm-demo-site",
  "version": "0.0.1",
  "lockfileVersion": 3,
  "requires": true,
  "packages": {
    "": {
      "name": "opencc-wasm-demo-site",
      "version": "0.0.1",
      "dependencies": {
        "opencc-js": "^1.0.5",
        "opencc-wasm": "^0.2.1"
      }
    },
    "../wasm-lib": {
      "name": "opencc-wasm",
      "version": "0.2.1",
      "license": "Apache-2.0"
    },
    "node_modules/opencc-js": {
      "version": "1.0.5",
      "license": "MIT"
    },
    "node_modules/opencc-wasm": {
      "resolved": "../wasm-lib",
      "link": true
    }
  }
}
